
Microsoft Visual Studio Solution File, Format Version 12.00
# Visual Studio Version 17
VisualStudioVersion = 17.13.35931.197
MinimumVisualStudioVersion = 10.0.40219.1
Project("{FAE04EC0-301F-11D3-BF4B-00C04F79EFBC}") = "SpartaDungeon(KimSanghun)", "SpartaDungeon\SpartaDungeon(KimSanghun).csproj", "{946FAC90-F3D6-4950-AD8D-6A2092C35831}"
EndProject
Global
	GlobalSection(SolutionConfigurationPlatforms) = preSolution
		Debug|Any CPU = Debug|Any CPU
		Release|Any CPU = Release|Any CPU
	EndGlobalSection
	GlobalSection(ProjectConfigurationPlatforms) = postSolution
		{946FAC90-F3D6-4950-AD8D-6A2092C35831}.Debug|Any CPU.ActiveCfg = Debug|Any CPU
		{946FAC90-F3D6-4950-AD8D-6A2092C35831}.Debug|Any CPU.Build.0 = Debug|Any CPU
		{946FAC90-F3D6-4950-AD8D-6A2092C35831}.Release|Any CPU.ActiveCfg = Release|Any CPU
		{946FAC90-F3D6-4950-AD8D-6A2092C35831}.Release|Any CPU.Build.0 = Release|Any CPU
	EndGlobalSection
	GlobalSection(SolutionProperties) = preSolution
		HideSolutionNode = FALSE
	EndGlobalSection
	GlobalSection(ExtensibilityGlobals) = postSolution
		SolutionGuid = {D8BAE5BC-4F28-4D91-B467-9E352D0F413B}
	EndGlobalSection
EndGlobal
